<?xml version="1.0" encoding="utf-8"?>
<Project ToolsVersion="4.0" xmlns="http://schemas.microsoft.com/developer/msbuild/2003">
  <ItemGroup>
    <ClCompile Include="Console.cpp">
      <Filter>CPP</Filter>
    </ClCompile>
    <ClCompile Include="Detours.cpp">
      <Filter>CPP</Filter>
    </ClCompile>
    <ClCompile Include="DiscordAPI.cpp">
      <Filter>CPP</Filter>
    </ClCompile>
    <ClCompile Include="DllMain.cpp">
      <Filter>CPP</Filter>
    </ClCompile>
    <ClCompile Include="Utils.cpp">
      <Filter>CPP</Filter>
    </ClCompile>
  </ItemGroup>
  <ItemGroup>
    <ClInclude Include="Console.h">
      <Filter>H</Filter>
    </ClInclude>
    <ClInclude Include="Detours.h">
      <Filter>H</Filter>
    </ClInclude>
    <ClInclude Include="DiscordAPI.h">
      <Filter>H</Filter>
    </ClInclude>
    <ClInclude Include="Include.h">
      <Filter>H</Filter>
    </ClInclude>
    <ClInclude Include="Utils.h">
      <Filter>H</Filter>
    </ClInclude>
    <ClInclude Include="Vars.h">
      <Filter>H</Filter>
    </ClInclude>
  </ItemGroup>
  <ItemGroup>
    <Filter Include="CPP">
      <UniqueIdentifier>{e0bd94fc-169c-4cc1-8e19-f7081a33d90e}</UniqueIdentifier>
    </Filter>
    <Filter Include="H">
      <UniqueIdentifier>{441719f0-c687-4248-9fca-d68185e652f0}</UniqueIdentifier>
    </Filter>
    <Filter Include="Resource">
      <UniqueIdentifier>{93c5123e-3976-4143-b89f-8cdb4a58de69}</UniqueIdentifier>
    </Filter>
  </ItemGroup>
</Project>