<?xml version="1.0" encoding="utf-8"?>
<Project ToolsVersion="4.0" xmlns="http://schemas.microsoft.com/developer/msbuild/2003">
  <ItemGroup>
    <Filter Include="CPP">
      <UniqueIdentifier>{4FC737F1-C7A5-4376-A066-2A32D752A2FF}</UniqueIdentifier>
      <Extensions>cpp;c;cc;cxx;c++;cppm;ixx;def;odl;idl;hpj;bat;asm;asmx</Extensions>
    </Filter>
    <Filter Include="H">
      <UniqueIdentifier>{93995380-89BD-4b04-88EB-625FBE52EBFB}</UniqueIdentifier>
      <Extensions>h;hh;hpp;hxx;h++;hm;inl;inc;ipp;xsd</Extensions>
    </Filter>
    <Filter Include="Resource">
      <UniqueIdentifier>{67DA6AB6-F800-4c08-8B7A-83BB121AAD01}</UniqueIdentifier>
      <Extensions>rc;ico;cur;bmp;dlg;rc2;rct;bin;rgs;gif;jpg;jpeg;jpe;resx;tiff;tif;png;wav;mfcribbon-ms</Extensions>
    </Filter>
  </ItemGroup>
  <ItemGroup>
    <ClCompile Include="WinMain.cpp">
      <Filter>CPP</Filter>
    </ClCompile>
    <ClCompile Include="Console.cpp">
      <Filter>CPP</Filter>
    </ClCompile>
    <ClCompile Include="Utils.cpp">
      <Filter>CPP</Filter>
    </ClCompile>
    <ClCompile Include="Draw.cpp">
      <Filter>CPP</Filter>
    </ClCompile>
    <ClCompile Include="Input.cpp">
      <Filter>CPP</Filter>
    </ClCompile>
  </ItemGroup>
  <ItemGroup>
    <ClInclude Include="Include.h">
      <Filter>H</Filter>
    </ClInclude>
    <ClInclude Include="Console.h">
      <Filter>H</Filter>
    </ClInclude>
    <ClInclude Include="Utils.h">
      <Filter>H</Filter>
    </ClInclude>
    <ClInclude Include="Vars.h">
      <Filter>H</Filter>
    </ClInclude>
    <ClInclude Include="Draw.h">
      <Filter>H</Filter>
    </ClInclude>
    <ClInclude Include="Input.h">
      <Filter>H</Filter>
    </ClInclude>
    <ClInclude Include="resource.h">
      <Filter>H</Filter>
    </ClInclude>
  </ItemGroup>
  <ItemGroup>
    <ResourceCompile Include="SvenJect.rc">
      <Filter>Resource</Filter>
    </ResourceCompile>
  </ItemGroup>
  <ItemGroup>
    <Image Include="..\Logo\SvenJect.ico">
      <Filter>Resource</Filter>
    </Image>
    <Image Include="..\Logo\SvenJectSmall.bmp">
      <Filter>Resource</Filter>
    </Image>
  </ItemGroup>
</Project>